
Microsoft Visual Studio Solution File, Format Version 12.00
# Visual Studio Version 16
VisualStudioVersion = 16.0.32126.315
MinimumVisualStudioVersion = 10.0.40219.1
Project("{9A19103F-16F7-4668-BE54-9A1E7A4F7556}") = "Producer", "Producer.csproj", "{0B194DD4-569D-4567-9B98-A191E266C698}"
EndProject
Global
	GlobalSection(SolutionConfigurationPlatforms) = preSolution
		Debug|Any CPU = Debug|Any CPU
		Release|Any CPU = Release|Any CPU
	EndGlobalSection
	GlobalSection(ProjectConfigurationPlatforms) = postSolution
		{0B194DD4-569D-4567-9B98-A191E266C698}.Debug|Any CPU.ActiveCfg = Debug|Any CPU
		{0B194DD4-569D-4567-9B98-A191E266C698}.Debug|Any CPU.Build.0 = Debug|Any CPU
		{0B194DD4-569D-4567-9B98-A191E266C698}.Release|Any CPU.ActiveCfg = Release|Any CPU
		{0B194DD4-569D-4567-9B98-A191E266C698}.Release|Any CPU.Build.0 = Release|Any CPU
	EndGlobalSection
	GlobalSection(SolutionProperties) = preSolution
		HideSolutionNode = FALSE
	EndGlobalSection
	GlobalSection(ExtensibilityGlobals) = postSolution
		SolutionGuid = {E21407E4-5E84-4AAC-BDD4-7C055AAD28D1}
	EndGlobalSection
EndGlobal
