
Microsoft Visual Studio Solution File, Format Version 12.00
# Visual Studio Version 16
VisualStudioVersion = 16.0.32126.315
MinimumVisualStudioVersion = 10.0.40219.1
Project("{FAE04EC0-301F-11D3-BF4B-00C04F79EFBC}") = "Receiver", "Receiver.csproj", "{43E364FF-D718-4882-9F02-9298E93CA2EE}"
EndProject
Global
	GlobalSection(SolutionConfigurationPlatforms) = preSolution
		Debug|Any CPU = Debug|Any CPU
		Release|Any CPU = Release|Any CPU
	EndGlobalSection
	GlobalSection(ProjectConfigurationPlatforms) = postSolution
		{43E364FF-D718-4882-9F02-9298E93CA2EE}.Debug|Any CPU.ActiveCfg = Debug|Any CPU
		{43E364FF-D718-4882-9F02-9298E93CA2EE}.Debug|Any CPU.Build.0 = Debug|Any CPU
		{43E364FF-D718-4882-9F02-9298E93CA2EE}.Release|Any CPU.ActiveCfg = Release|Any CPU
		{43E364FF-D718-4882-9F02-9298E93CA2EE}.Release|Any CPU.Build.0 = Release|Any CPU
	EndGlobalSection
	GlobalSection(SolutionProperties) = preSolution
		HideSolutionNode = FALSE
	EndGlobalSection
	GlobalSection(ExtensibilityGlobals) = postSolution
		SolutionGuid = {B2382009-54AA-4BD6-A123-98E528A994E2}
	EndGlobalSection
EndGlobal
